
Microsoft Visual Studio Solution File, Format Version 12.00
# Visual Studio Version 16
VisualStudioVersion = 16.0.32228.343
MinimumVisualStudioVersion = 10.0.40219.1
Project("{FAE04EC0-301F-11D3-BF4B-00C04F79EFBC}") = "openAndReadExcelFiles", "openAndReadExcelFiles\openAndReadExcelFiles.csproj", "{997B365D-4EE2-44EC-B0E6-61F5FF4EBAFD}"
EndProject
Global
	GlobalSection(SolutionConfigurationPlatforms) = preSolution
		Debug|Any CPU = Debug|Any CPU
		Release|Any CPU = Release|Any CPU
	EndGlobalSection
	GlobalSection(ProjectConfigurationPlatforms) = postSolution
		{997B365D-4EE2-44EC-B0E6-61F5FF4EBAFD}.Debug|Any CPU.ActiveCfg = Debug|Any CPU
		{997B365D-4EE2-44EC-B0E6-61F5FF4EBAFD}.Debug|Any CPU.Build.0 = Debug|Any CPU
		{997B365D-4EE2-44EC-B0E6-61F5FF4EBAFD}.Release|Any CPU.ActiveCfg = Release|Any CPU
		{997B365D-4EE2-44EC-B0E6-61F5FF4EBAFD}.Release|Any CPU.Build.0 = Release|Any CPU
	EndGlobalSection
	GlobalSection(SolutionProperties) = preSolution
		HideSolutionNode = FALSE
	EndGlobalSection
	GlobalSection(ExtensibilityGlobals) = postSolution
		SolutionGuid = {0CAA4630-FC8E-4F59-9E08-DD2CE00E2505}
	EndGlobalSection
EndGlobal
